PODS:
  - Flutter (1.0.0)
  - ua_client_hints (1.4.1):
    - Flutter

DEPENDENCIES:
  - Flutter (from `Flutter`)
  - ua_client_hints (from `.symlinks/plugins/ua_client_hints/ios`)

EXTERNAL SOURCES:
  Flutter:
    :path: Flutter
  ua_client_hints:
    :path: ".symlinks/plugins/ua_client_hints/ios"

SPEC CHECKSUMS:
  Flutter: e0871f40cf51350855a761d2e70bf5af5b9b5de7
  ua_client_hints: 92fe0d139619b73ec9fcb46cc7e079a26178f586

PODFILE CHECKSUM: 819463e6a0290f5a72f145ba7cde16e8b6ef0796

COCOAPODS: 1.16.2
